PODS:
  - Alamofire (5.10.2)
  - CocoaLumberjack/Core (3.9.0)
  - CocoaLumberjack/Swift (3.9.0):
    - CocoaLumberjack/Core
  - CryptoSwift (1.8.4)
  - EkOrrPod (0.1.0)
  - KeychainAccess (4.2.2)
  - Nimble (10.0.0)
  - Quick (2.2.1)
  - ReactiveSwift (6.7.0)
  - SnapKit (5.7.1)
  - SwiftDate (6.3.1)
  - SwiftyJSON (5.0.2)

DEPENDENCIES:
  - Alamofire (~> 5.8)
  - CocoaLumberjack/Swift (~> 3.9)
  - CryptoSwift (~> 1.6)
  - EkOrrPod (from `../`)
  - KeychainAccess (~> 4.2)
  - Nimble (~> 10.0.0)
  - Quick (~> 2.2.0)
  - ReactiveSwift (~> 6.7)
  - SnapKit (~> 5.6)
  - SwiftDate (~> 6.0)
  - SwiftyJSON (~> 5.0)

SPEC REPOS:
  trunk:
    - Alamofire
    - CocoaLumberjack
    - CryptoSwift
    - KeychainAccess
    - Nimble
    - Quick
    - ReactiveSwift
    - SnapKit
    - SwiftDate
    - SwiftyJSON

EXTERNAL SOURCES:
  EkOrrPod:
    :path: "../"

SPEC CHECKSUMS:
  Alamofire: 7193b3b92c74a07f85569e1a6c4f4237291e7496
  CocoaLumberjack: 5644158777912b7de7469fa881f8a3f259c2512a
  CryptoSwift: e64e11850ede528a02a0f3e768cec8e9d92ecb90
  EkOrrPod: f01415579e4577d800ecd44a909f4cb24d58fba6
  KeychainAccess: c0c4f7f38f6fc7bbe58f5702e25f7bd2f65abf51
  Nimble: 5316ef81a170ce87baf72dd961f22f89a602ff84
  Quick: f5754d69b7013f5864c29aab9ae6f0c79c5bc200
  ReactiveSwift: 208201d6ecc9734196d147aa76bc1f24b1b821fe
  SnapKit: d612e99e678a2d3b95bf60b0705ed0a35c03484a
  SwiftDate: 72d28954e8e1c6c1c0f917ccc8005e4f83c7d4b2
  SwiftyJSON: f5b1bf1cd8dd53cd25887ac0eabcfd92301c6a5a

PODFILE CHECKSUM: a094ed31cc1f9ecb761ade060d4a5e2dbb0ca6ea

COCOAPODS: 1.16.2
